
Microsoft Visual Studio Solution File, Format Version 12.00
# Visual Studio Version 16
VisualStudioVersion = 16.0.29418.71
MinimumVisualStudioVersion = 10.0.40219.1
Project("{8BC9CEB8-8B4A-11D0-8D11-00A0C91BC942}") = "SEDLab2", "SEDLab2\SEDLab2.vcxproj", "{6698976F-0F72-425B-8C98-AE8A3EA69BAF}"
EndProject
Global
	GlobalSection(SolutionConfigurationPlatforms) = preSolution
		Debug|x64 = Debug|x64
		Debug|x86 = Debug|x86
		Release|x64 = Release|x64
		Release|x86 = Release|x86
	EndGlobalSection
	GlobalSection(ProjectConfigurationPlatforms) = postSolution
		{6698976F-0F72-425B-8C98-AE8A3EA69BAF}.Debug|x64.ActiveCfg = Debug|x64
		{6698976F-0F72-425B-8C98-AE8A3EA69BAF}.Debug|x64.Build.0 = Debug|x64
		{6698976F-0F72-425B-8C98-AE8A3EA69BAF}.Debug|x86.ActiveCfg = Debug|Win32
		{6698976F-0F72-425B-8C98-AE8A3EA69BAF}.Debug|x86.Build.0 = Debug|Win32
		{6698976F-0F72-425B-8C98-AE8A3EA69BAF}.Release|x64.ActiveCfg = Release|x64
		{6698976F-0F72-425B-8C98-AE8A3EA69BAF}.Release|x64.Build.0 = Release|x64
		{6698976F-0F72-425B-8C98-AE8A3EA69BAF}.Release|x86.ActiveCfg = Release|Win32
		{6698976F-0F72-425B-8C98-AE8A3EA69BAF}.Release|x86.Build.0 = Release|Win32
	EndGlobalSection
	GlobalSection(SolutionProperties) = preSolution
		HideSolutionNode = FALSE
	EndGlobalSection
	GlobalSection(ExtensibilityGlobals) = postSolution
		SolutionGuid = {4C65CD17-3480-402F-8C56-49229B639D9E}
	EndGlobalSection
EndGlobal
